// !$*UTF8*$!
{
	archiveVersion = 1;
	classes = {
	};
	objectVersion = 48;
	objects = {

/* Begin PBXBuildFile section */
		053CD2BE1FB06368006939EC /* AppDelegate.swift in Sources */ = {isa = PBXBuildFile; fileRef = 053CD2BD1FB06368006939EC /* AppDelegate.swift */; };
		053CD2C01FB06368006939EC /* ViewController.swift in Sources */ = {isa = PBXBuildFile; fileRef = 053CD2BF1FB06368006939EC /* ViewController.swift */; };
		053CD2C31FB06368006939EC /* Main.storyboard in Resources */ = {isa = PBXBuildFile; fileRef = 053CD2C11FB06368006939EC /* Main.storyboard */; };
		053CD2C51FB06368006939EC /* Assets.xcassets in Resources */ = {isa = PBXBuildFile; fileRef = 053CD2C41FB06368006939EC /* Assets.xcassets */; };
		053CD2C81FB06368006939EC /* LaunchScreen.storyboard in Resources */ = {isa = PBXBuildFile; fileRef = 053CD2C61FB06368006939EC /* LaunchScreen.storyboard */; };
		05618F241FB19C3B00F49066 /* Case5ViewController.swift in Sources */ = {isa = PBXBuildFile; fileRef = 05618F231FB19C3B00F49066 /* Case5ViewController.swift */; };
		05618F271FB1A03F00F49066 /* Case6ViewController.swift in Sources */ = {isa = PBXBuildFile; fileRef = 05618F261FB1A03F00F49066 /* Case6ViewController.swift */; };
		05618F291FB1A0C400F49066 /* Case6ItemView.swift in Sources */ = {isa = PBXBuildFile; fileRef = 05618F281FB1A0C400F49066 /* Case6ItemView.swift */; };
		05618F2C1FB1AA1D00F49066 /* Case7ViewController.swift in Sources */ = {isa = PBXBuildFile; fileRef = 05618F2B1FB1AA1D00F49066 /* Case7ViewController.swift */; };
		05618F2F1FB1B21600F49066 /* Case8ViewController.swift in Sources */ = {isa = PBXBuildFile; fileRef = 05618F2E1FB1B21600F49066 /* Case8ViewController.swift */; };
		05618F381FB1B2D000F49066 /* Case8Cell.swift in Sources */ = {isa = PBXBuildFile; fileRef = 05618F371FB1B2D000F49066 /* Case8Cell.swift */; };
		05618F3A1FB1B2F100F49066 /* Case8DataEntity.swift in Sources */ = {isa = PBXBuildFile; fileRef = 05618F391FB1B2F100F49066 /* Case8DataEntity.swift */; };
		058BF6471FB064EF00D84DB4 /* Case1ViewController.swift in Sources */ = {isa = PBXBuildFile; fileRef = 058BF6461FB064EF00D84DB4 /* Case1ViewController.swift */; };
		058BF64C1FB07CEE00D84DB4 /* Case2ViewController.swift in Sources */ = {isa = PBXBuildFile; fileRef = 058BF64B1FB07CEE00D84DB4 /* Case2ViewController.swift */; };
		058BF64F1FB08A2F00D84DB4 /* Case3ViewController.swift in Sources */ = {isa = PBXBuildFile; fileRef = 058BF64E1FB08A2F00D84DB4 /* Case3ViewController.swift */; };
		058BF6521FB0904700D84DB4 /* Case4ViewController.swift in Sources */ = {isa = PBXBuildFile; fileRef = 058BF6511FB0904700D84DB4 /* Case4ViewController.swift */; };
		058BF6541FB091B100D84DB4 /* Case4TableViewCell.swift in Sources */ = {isa = PBXBuildFile; fileRef = 058BF6531FB091B100D84DB4 /* Case4TableViewCell.swift */; };
		8B434E5233FF0DC2EE59DF8B /* Pods_AutolayoutExampleWithSnapKit.framework in Frameworks */ = {isa = PBXBuildFile; fileRef = 74CA7BB607E82AAD727C4F0C /* Pods_AutolayoutExampleWithSnapKit.framework */; };
/* End PBXBuildFile section */

/* Begin PBXFileReference section */
		053CD2BA1FB06368006939EC /* AutolayoutExampleWithSnapKit.app */ = {isa = PBXFileReference; explicitFileType = wrapper.application; includeInIndex = 0; path = AutolayoutExampleWithSnapKit.app; sourceTree = BUILT_PRODUCTS_DIR; };
		053CD2BD1FB06368006939EC /* AppDelegate.swift */ = {isa = PBXFileReference; lastKnownFileType = sourcecode.swift; path = AppDelegate.swift; sourceTree = "<group>"; };
		053CD2BF1FB06368006939EC /* ViewController.swift */ = {isa = PBXFileReference; lastKnownFileType = sourcecode.swift; path = ViewController.swift; sourceTree = "<group>"; };
		053CD2C21FB06368006939EC /* Base */ = {isa = PBXFileReference; lastKnownFileType = file.storyboard; name = Base; path = Base.lproj/Main.storyboard; sourceTree = "<group>"; };
		053CD2C41FB06368006939EC /* Assets.xcassets */ = {isa = PBXFileReference; lastKnownFileType = folder.assetcatalog; path = Assets.xcassets; sourceTree = "<group>"; };
		053CD2C71FB06368006939EC /* Base */ = {isa = PBXFileReference; lastKnownFileType = file.storyboard; name = Base; path = Base.lproj/LaunchScreen.storyboard; sourceTree = "<group>"; };
		053CD2C91FB06368006939EC /* Info.plist */ = {isa = PBXFileReference; lastKnownFileType = text.plist.xml; path = Info.plist; sourceTree = "<group>"; };
		05618F231FB19C3B00F49066 /* Case5ViewController.swift */ = {isa = PBXFileReference; lastKnownFileType = sourcecode.swift; path = Case5ViewController.swift; sourceTree = "<group>"; };
		05618F261FB1A03F00F49066 /* Case6ViewController.swift */ = {isa = PBXFileReference; lastKnownFileType = sourcecode.swift; path = Case6ViewController.swift; sourceTree = "<group>"; };
		05618F281FB1A0C400F49066 /* Case6ItemView.swift */ = {isa = PBXFileReference; lastKnownFileType = sourcecode.swift; path = Case6ItemView.swift; sourceTree = "<group>"; };
		05618F2B1FB1AA1D00F49066 /* Case7ViewController.swift */ = {isa = PBXFileReference; lastKnownFileType = sourcecode.swift; path = Case7ViewController.swift; sourceTree = "<group>"; };
		05618F2E1FB1B21600F49066 /* Case8ViewController.swift */ = {isa = PBXFileReference; lastKnownFileType = sourcecode.swift; path = Case8ViewController.swift; sourceTree = "<group>"; };
		05618F371FB1B2D000F49066 /* Case8Cell.swift */ = {isa = PBXFileReference; lastKnownFileType = sourcecode.swift; path = Case8Cell.swift; sourceTree = "<group>"; };
		05618F391FB1B2F100F49066 /* Case8DataEntity.swift */ = {isa = PBXFileReference; lastKnownFileType = sourcecode.swift; path = Case8DataEntity.swift; sourceTree = "<group>"; };
		058BF6461FB064EF00D84DB4 /* Case1ViewController.swift */ = {isa = PBXFileReference; lastKnownFileType = sourcecode.swift; path = Case1ViewController.swift; sourceTree = "<group>"; };
		058BF64B1FB07CEE00D84DB4 /* Case2ViewController.swift */ = {isa = PBXFileReference; lastKnownFileType = sourcecode.swift; path = Case2ViewController.swift; sourceTree = "<group>"; };
		058BF64E1FB08A2F00D84DB4 /* Case3ViewController.swift */ = {isa = PBXFileReference; lastKnownFileType = sourcecode.swift; path = Case3ViewController.swift; sourceTree = "<group>"; };
		058BF6511FB0904700D84DB4 /* Case4ViewController.swift */ = {isa = PBXFileReference; lastKnownFileType = sourcecode.swift; path = Case4ViewController.swift; sourceTree = "<group>"; };
		058BF6531FB091B100D84DB4 /* Case4TableViewCell.swift */ = {isa = PBXFileReference; lastKnownFileType = sourcecode.swift; path = Case4TableViewCell.swift; sourceTree = "<group>"; };
		69BCCBFEC4F07F64B462D49C /* Pods-AutolayoutExampleWithSnapKit.debug.xcconfig */ = {isa = PBXFileReference; includeInIndex = 1; lastKnownFileType = text.xcconfig; name = "Pods-AutolayoutExampleWithSnapKit.debug.xcconfig"; path = "Pods/Target Support Files/Pods-AutolayoutExampleWithSnapKit/Pods-AutolayoutExampleWithSnapKit.debug.xcconfig"; sourceTree = "<group>"; };
		74CA7BB607E82AAD727C4F0C /* Pods_AutolayoutExampleWithSnapKit.framework */ = {isa = PBXFileReference; explicitFileType = wrapper.framework; includeInIndex = 0; path = Pods_AutolayoutExampleWithSnapKit.framework; sourceTree = BUILT_PRODUCTS_DIR; };
		F9C3443FEAE30224970A358E /* Pods-AutolayoutExampleWithSnapKit.release.xcconfig */ = {isa = PBXFileReference; includeInIndex = 1; lastKnownFileType = text.xcconfig; name = "Pods-AutolayoutExampleWithSnapKit.release.xcconfig"; path = "Pods/Target Support Files/Pods-AutolayoutExampleWithSnapKit/Pods-AutolayoutExampleWithSnapKit.release.xcconfig"; sourceTree = "<group>"; };
/* End PBXFileReference section */

/* Begin PBXFrameworksBuildPhase section */
		053CD2B71FB06368006939EC /* Frameworks */ = {
			isa = PBXFrameworksBuildPhase;
			buildActionMask = 2147483647;
			files = (
				8B434E5233FF0DC2EE59DF8B /* Pods_AutolayoutExampleWithSnapKit.framework in Frameworks */,
			);
			runOnlyForDeploymentPostprocessing = 0;
		};
/* End PBXFrameworksBuildPhase section */

/* Begin PBXGroup section */
		053CD2B11FB06368006939EC = {
			isa = PBXGroup;
			children = (
				053CD2BC1FB06368006939EC /* AutolayoutExampleWithSnapKit */,
				053CD2BB1FB06368006939EC /* Products */,
				D29792EBFCB37D49C6230041 /* Pods */,
				D46E690470D7C88C3026CEA5 /* Frameworks */,
			);
			sourceTree = "<group>";
		};
		053CD2BB1FB06368006939EC /* Products */ = {
			isa = PBXGroup;
			children = (
				053CD2BA1FB06368006939EC /* AutolayoutExampleWithSnapKit.app */,
			);
			name = Products;
			sourceTree = "<group>";
		};
		053CD2BC1FB06368006939EC /* AutolayoutExampleWithSnapKit */ = {
			isa = PBXGroup;
			children = (
				053CD2BD1FB06368006939EC /* AppDelegate.swift */,
				053CD2BF1FB06368006939EC /* ViewController.swift */,
				058BF6451FB064BD00D84DB4 /* Case1 */,
				058BF64A1FB07CD000D84DB4 /* Case2 */,
				058BF64D1FB08A0C00D84DB4 /* Case3 */,
				058BF6501FB0903A00D84DB4 /* Case4 */,
				05618F221FB19C1E00F49066 /* Case5 */,
				05618F251FB1A02400F49066 /* Case6 */,
				05618F2A1FB1AA0C00F49066 /* Case7 */,
				05618F2D1FB1B20400F49066 /* Case8 */,
				05618F301FB1B26900F49066 /* Case9 */,
				05618F341FB1B2AE00F49066 /* Case10 */,
				05618F351FB1B2AE00F49066 /* Case11 */,
				05618F361FB1B2AE00F49066 /* Case12 */,
				05618F321FB1B2AD00F49066 /* Case13 */,
				05618F311FB1B2AD00F49066 /* Case14 */,
				05618F331FB1B2AD00F49066 /* Case15 */,
				053CD2C11FB06368006939EC /* Main.storyboard */,
				053CD2C41FB06368006939EC /* Assets.xcassets */,
				053CD2C61FB06368006939EC /* LaunchScreen.storyboard */,
				053CD2C91FB06368006939EC /* Info.plist */,
			);
			path = AutolayoutExampleWithSnapKit;
			sourceTree = "<group>";
		};
		05618F221FB19C1E00F49066 /* Case5 */ = {
			isa = PBXGroup;
			children = (
				05618F231FB19C3B00F49066 /* Case5ViewController.swift */,
			);
			path = Case5;
			sourceTree = "<group>";
		};
		05618F251FB1A02400F49066 /* Case6 */ = {
			isa = PBXGroup;
			children = (
				05618F261FB1A03F00F49066 /* Case6ViewController.swift */,
				05618F281FB1A0C400F49066 /* Case6ItemView.swift */,
			);
			path = Case6;
			sourceTree = "<group>";
		};
		05618F2A1FB1AA0C00F49066 /* Case7 */ = {
			isa = PBXGroup;
			children = (
				05618F2B1FB1AA1D00F49066 /* Case7ViewController.swift */,
			);
			path = Case7;
			sourceTree = "<group>";
		};
		05618F2D1FB1B20400F49066 /* Case8 */ = {
			isa = PBXGroup;
			children = (
				05618F2E1FB1B21600F49066 /* Case8ViewController.swift */,
				05618F371FB1B2D000F49066 /* Case8Cell.swift */,
				05618F391FB1B2F100F49066 /* Case8DataEntity.swift */,
			);
			path = Case8;
			sourceTree = "<group>";
		};
		05618F301FB1B26900F49066 /* Case9 */ = {
			isa = PBXGroup;
			children = (
			);
			path = Case9;
			sourceTree = "<group>";
		};
		05618F311FB1B2AD00F49066 /* Case14 */ = {
			isa = PBXGroup;
			children = (
			);
			path = Case14;
			sourceTree = "<group>";
		};
		05618F321FB1B2AD00F49066 /* Case13 */ = {
			isa = PBXGroup;
			children = (
			);
			path = Case13;
			sourceTree = "<group>";
		};
		05618F331FB1B2AD00F49066 /* Case15 */ = {
			isa = PBXGroup;
			children = (
			);
			path = Case15;
			sourceTree = "<group>";
		};
		05618F341FB1B2AE00F49066 /* Case10 */ = {
			isa = PBXGroup;
			children = (
			);
			path = Case10;
			sourceTree = "<group>";
		};
		05618F351FB1B2AE00F49066 /* Case11 */ = {
			isa = PBXGroup;
			children = (
			);
			path = Case11;
			sourceTree = "<group>";
		};
		05618F361FB1B2AE00F49066 /* Case12 */ = {
			isa = PBXGroup;
			children = (
			);
			path = Case12;
			sourceTree = "<group>";
		};
		058BF6451FB064BD00D84DB4 /* Case1 */ = {
			isa = PBXGroup;
			children = (
				058BF6461FB064EF00D84DB4 /* Case1ViewController.swift */,
			);
			path = Case1;
			sourceTree = "<group>";
		};
		058BF64A1FB07CD000D84DB4 /* Case2 */ = {
			isa = PBXGroup;
			children = (
				058BF64B1FB07CEE00D84DB4 /* Case2ViewController.swift */,
			);
			path = Case2;
			sourceTree = "<group>";
		};
		058BF64D1FB08A0C00D84DB4 /* Case3 */ = {
			isa = PBXGroup;
			children = (
				058BF64E1FB08A2F00D84DB4 /* Case3ViewController.swift */,
			);
			path = Case3;
			sourceTree = "<group>";
		};
		058BF6501FB0903A00D84DB4 /* Case4 */ = {
			isa = PBXGroup;
			children = (
				058BF6511FB0904700D84DB4 /* Case4ViewController.swift */,
				058BF6531FB091B100D84DB4 /* Case4TableViewCell.swift */,
			);
			path = Case4;
			sourceTree = "<group>";
		};
		D29792EBFCB37D49C6230041 /* Pods */ = {
			isa = PBXGroup;
			children = (
				69BCCBFEC4F07F64B462D49C /* Pods-AutolayoutExampleWithSnapKit.debug.xcconfig */,
				F9C3443FEAE30224970A358E /* Pods-AutolayoutExampleWithSnapKit.release.xcconfig */,
			);
			name = Pods;
			sourceTree = "<group>";
		};
		D46E690470D7C88C3026CEA5 /* Frameworks */ = {
			isa = PBXGroup;
			children = (
				74CA7BB607E82AAD727C4F0C /* Pods_AutolayoutExampleWithSnapKit.framework */,
			);
			name = Frameworks;
			sourceTree = "<group>";
		};
/* End PBXGroup section */

/* Begin PBXNativeTarget section */
		053CD2B91FB06368006939EC /* AutolayoutExampleWithSnapKit */ = {
			isa = PBXNativeTarget;
			buildConfigurationList = 053CD2CC1FB06368006939EC /* Build configuration list for PBXNativeTarget "AutolayoutExampleWithSnapKit" */;
			buildPhases = (
				8402CCC0C33AC89CBE5D78F7 /* [CP] Check Pods Manifest.lock */,
				053CD2B61FB06368006939EC /* Sources */,
				053CD2B71FB06368006939EC /* Frameworks */,
				053CD2B81FB06368006939EC /* Resources */,
				0EC4D33468B80BA2A3159C01 /* [CP] Embed Pods Frameworks */,
				560D8FF02722BEBFBE0A5571 /* [CP] Copy Pods Resources */,
			);
			buildRules = (
			);
			dependencies = (
			);
			name = AutolayoutExampleWithSnapKit;
			productName = AutolayoutExampleWithSnapKit;
			productReference = 053CD2BA1FB06368006939EC /* AutolayoutExampleWithSnapKit.app */;
			productType = "com.apple.product-type.application";
		};
/* End PBXNativeTarget section */

/* Begin PBXProject section */
		053CD2B21FB06368006939EC /* Project object */ = {
			isa = PBXProject;
			attributes = {
				LastSwiftUpdateCheck = 0910;
				LastUpgradeCheck = 0910;
				ORGANIZATIONNAME = xtcmoon;
				TargetAttributes = {
					053CD2B91FB06368006939EC = {
						CreatedOnToolsVersion = 9.1;
						ProvisioningStyle = Automatic;
					};
				};
			};
			buildConfigurationList = 053CD2B51FB06368006939EC /* Build configuration list for PBXProject "AutolayoutExampleWithSnapKit" */;
			compatibilityVersion = "Xcode 8.0";
			developmentRegion = en;
			hasScannedForEncodings = 0;
			knownRegions = (
				en,
				Base,
			);
			mainGroup = 053CD2B11FB06368006939EC;
			productRefGroup = 053CD2BB1FB06368006939EC /* Products */;
			projectDirPath = "";
			projectRoot = "";
			targets = (
				053CD2B91FB06368006939EC /* AutolayoutExampleWithSnapKit */,
			);
		};
/* End PBXProject section */

/* Begin PBXResourcesBuildPhase section */
		053CD2B81FB06368006939EC /* Resources */ = {
			isa = PBXResourcesBuildPhase;
			buildActionMask = 2147483647;
			files = (
				053CD2C81FB06368006939EC /* LaunchScreen.storyboard in Resources */,
				053CD2C51FB06368006939EC /* Assets.xcassets in Resources */,
				053CD2C31FB06368006939EC /* Main.storyboard in Resources */,
			);
			runOnlyForDeploymentPostprocessing = 0;
		};
/* End PBXResourcesBuildPhase section */

/* Begin PBXShellScriptBuildPhase section */
		0EC4D33468B80BA2A3159C01 /* [CP] Embed Pods Frameworks */ = {
			isa = PBXShellScriptBuildPhase;
			buildActionMask = 2147483647;
			files = (
			);
			inputPaths = (
				"${SRCROOT}/Pods/Target Support Files/Pods-AutolayoutExampleWithSnapKit/Pods-AutolayoutExampleWithSnapKit-frameworks.sh",
				"${BUILT_PRODUCTS_DIR}/SnapKit/SnapKit.framework",
			);
			name = "[CP] Embed Pods Frameworks";
			outputPaths = (
				"${TARGET_BUILD_DIR}/${FRAMEWORKS_FOLDER_PATH}/SnapKit.framework",
			);
			runOnlyForDeploymentPostprocessing = 0;
			shellPath = /bin/sh;
			shellScript = "\"${SRCROOT}/Pods/Target Support Files/Pods-AutolayoutExampleWithSnapKit/Pods-AutolayoutExampleWithSnapKit-frameworks.sh\"\n";
			showEnvVarsInLog = 0;
		};
		560D8FF02722BEBFBE0A5571 /* [CP] Copy Pods Resources */ = {
			isa = PBXShellScriptBuildPhase;
			buildActionMask = 2147483647;
			files = (
			);
			inputPaths = (
			);
			name = "[CP] Copy Pods Resources";
			outputPaths = (
			);
			runOnlyForDeploymentPostprocessing = 0;
			shellPath = /bin/sh;
			shellScript = "\"${SRCROOT}/Pods/Target Support Files/Pods-AutolayoutExampleWithSnapKit/Pods-AutolayoutExampleWithSnapKit-resources.sh\"\n";
			showEnvVarsInLog = 0;
		};
		8402CCC0C33AC89CBE5D78F7 /* [CP] Check Pods Manifest.lock */ = {
			isa = PBXShellScriptBuildPhase;
			buildActionMask = 2147483647;
			files = (
			);
			inputPaths = (
				"${PODS_PODFILE_DIR_PATH}/Podfile.lock",
				"${PODS_ROOT}/Manifest.lock",
			);
			name = "[CP] Check Pods Manifest.lock";
			outputPaths = (
				"$(DERIVED_FILE_DIR)/Pods-AutolayoutExampleWithSnapKit-checkManifestLockResult.txt",
			);
			runOnlyForDeploymentPostprocessing = 0;
			shellPath = /bin/sh;
			shellScript = "diff \"${PODS_PODFILE_DIR_PATH}/Podfile.lock\" \"${PODS_ROOT}/Manifest.lock\" > /dev/null\nif [ $? != 0 ] ; then\n    # print error to STDERR\n    echo \"error: The sandbox is not in sync with the Podfile.lock. Run 'pod install' or update your CocoaPods installation.\" >&2\n    exit 1\nfi\n# This output is used by Xcode 'outputs' to avoid re-running this script phase.\necho \"SUCCESS\" > \"${SCRIPT_OUTPUT_FILE_0}\"\n";
			showEnvVarsInLog = 0;
		};
/* End PBXShellScriptBuildPhase section */

/* Begin PBXSourcesBuildPhase section */
		053CD2B61FB06368006939EC /* Sources */ = {
			isa = PBXSourcesBuildPhase;
			buildActionMask = 2147483647;
			files = (
				053CD2C01FB06368006939EC /* ViewController.swift in Sources */,
				058BF64C1FB07CEE00D84DB4 /* Case2ViewController.swift in Sources */,
				058BF6471FB064EF00D84DB4 /* Case1ViewController.swift in Sources */,
				05618F2C1FB1AA1D00F49066 /* Case7ViewController.swift in Sources */,
				058BF64F1FB08A2F00D84DB4 /* Case3ViewController.swift in Sources */,
				05618F241FB19C3B00F49066 /* Case5ViewController.swift in Sources */,
				053CD2BE1FB06368006939EC /* AppDelegate.swift in Sources */,
				05618F3A1FB1B2F100F49066 /* Case8DataEntity.swift in Sources */,
				05618F2F1FB1B21600F49066 /* Case8ViewController.swift in Sources */,
				05618F381FB1B2D000F49066 /* Case8Cell.swift in Sources */,
				05618F291FB1A0C400F49066 /* Case6ItemView.swift in Sources */,
				05618F271FB1A03F00F49066 /* Case6ViewController.swift in Sources */,
				058BF6541FB091B100D84DB4 /* Case4TableViewCell.swift in Sources */,
				058BF6521FB0904700D84DB4 /* Case4ViewController.swift in Sources */,
			);
			runOnlyForDeploymentPostprocessing = 0;
		};
/* End PBXSourcesBuildPhase section */

/* Begin PBXVariantGroup section */
		053CD2C11FB06368006939EC /* Main.storyboard */ = {
			isa = PBXVariantGroup;
			children = (
				053CD2C21FB06368006939EC /* Base */,
			);
			name = Main.storyboard;
			sourceTree = "<group>";
		};
		053CD2C61FB06368006939EC /* LaunchScreen.storyboard */ = {
			isa = PBXVariantGroup;
			children = (
				053CD2C71FB06368006939EC /* Base */,
			);
			name = LaunchScreen.storyboard;
			sourceTree = "<group>";
		};
/* End PBXVariantGroup section */

/* Begin XCBuildConfiguration section */
		053CD2CA1FB06368006939EC /* Debug */ = {
			isa = XCBuildConfiguration;
			buildSettings = {
				ALWAYS_SEARCH_USER_PATHS = NO;
				CLANG_ANALYZER_NONNULL = YES;
				CLANG_ANALYZER_NUMBER_OBJECT_CONVERSION = YES_AGGRESSIVE;
				CLANG_CXX_LANGUAGE_STANDARD = "gnu++14";
				CLANG_CXX_LIBRARY = "libc++";
				CLANG_ENABLE_MODULES = YES;
				CLANG_ENABLE_OBJC_ARC = YES;
				CLANG_WARN_BLOCK_CAPTURE_AUTORELEASING = YES;
				CLANG_WARN_BOOL_CONVERSION = YES;
				CLANG_WARN_COMMA = YES;
				CLANG_WARN_CONSTANT_CONVERSION = YES;
				CLANG_WARN_DIRECT_OBJC_ISA_USAGE = YES_ERROR;
				CLANG_WARN_DOCUMENTATION_COMMENTS = YES;
				CLANG_WARN_EMPTY_BODY = YES;
				CLANG_WARN_ENUM_CONVERSION = YES;
				CLANG_WARN_INFINITE_RECURSION = YES;
				CLANG_WARN_INT_CONVERSION = YES;
				CLANG_WARN_NON_LITERAL_NULL_CONVERSION = YES;
				CLANG_WARN_OBJC_LITERAL_CONVERSION = YES;
				CLANG_WARN_OBJC_ROOT_CLASS = YES_ERROR;
				CLANG_WARN_RANGE_LOOP_ANALYSIS = YES;
				CLANG_WARN_STRICT_PROTOTYPES = YES;
				CLANG_WARN_SUSPICIOUS_MOVE = YES;
				CLANG_WARN_UNGUARDED_AVAILABILITY = YES_AGGRESSIVE;
				CLANG_WARN_UNREACHABLE_CODE = YES;
				CLANG_WARN__DUPLICATE_METHOD_MATCH = YES;
				CODE_SIGN_IDENTITY = "iPhone Developer";
				COPY_PHASE_STRIP = NO;
				DEBUG_INFORMATION_FORMAT = dwarf;
				ENABLE_STRICT_OBJC_MSGSEND = YES;
				ENABLE_TESTABILITY = YES;
				GCC_C_LANGUAGE_STANDARD = gnu11;
				GCC_DYNAMIC_NO_PIC = NO;
				GCC_NO_COMMON_BLOCKS = YES;
				GCC_OPTIMIZATION_LEVEL = 0;
				GCC_PREPROCESSOR_DEFINITIONS = (
					"DEBUG=1",
					"$(inherited)",
				);
				GCC_WARN_64_TO_32_BIT_CONVERSION = YES;
				GCC_WARN_ABOUT_RETURN_TYPE = YES_ERROR;
				GCC_WARN_UNDECLARED_SELECTOR = YES;
				GCC_WARN_UNINITIALIZED_AUTOS = YES_AGGRESSIVE;
				GCC_WARN_UNUSED_FUNCTION = YES;
				GCC_WARN_UNUSED_VARIABLE = YES;
				IPHONEOS_DEPLOYMENT_TARGET = 11.1;
				MTL_ENABLE_DEBUG_INFO = YES;
				ONLY_ACTIVE_ARCH = YES;
				SDKROOT = iphoneos;
				SWIFT_ACTIVE_COMPILATION_CONDITIONS = DEBUG;
				SWIFT_OPTIMIZATION_LEVEL = "-Onone";
			};
			name = Debug;
		};
		053CD2CB1FB06368006939EC /* Release */ = {
			isa = XCBuildConfiguration;
			buildSettings = {
				ALWAYS_SEARCH_USER_PATHS = NO;
				CLANG_ANALYZER_NONNULL = YES;
				CLANG_ANALYZER_NUMBER_OBJECT_CONVERSION = YES_AGGRESSIVE;
				CLANG_CXX_LANGUAGE_STANDARD = "gnu++14";
				CLANG_CXX_LIBRARY = "libc++";
				CLANG_ENABLE_MODULES = YES;
				CLANG_ENABLE_OBJC_ARC = YES;
				CLANG_WARN_BLOCK_CAPTURE_AUTORELEASING = YES;
				CLANG_WARN_BOOL_CONVERSION = YES;
				CLANG_WARN_COMMA = YES;
				CLANG_WARN_CONSTANT_CONVERSION = YES;
				CLANG_WARN_DIRECT_OBJC_ISA_USAGE = YES_ERROR;
				CLANG_WARN_DOCUMENTATION_COMMENTS = YES;
				CLANG_WARN_EMPTY_BODY = YES;
				CLANG_WARN_ENUM_CONVERSION = YES;
				CLANG_WARN_INFINITE_RECURSION = YES;
				CLANG_WARN_INT_CONVERSION = YES;
				CLANG_WARN_NON_LITERAL_NULL_CONVERSION = YES;
				CLANG_WARN_OBJC_LITERAL_CONVERSION = YES;
				CLANG_WARN_OBJC_ROOT_CLASS = YES_ERROR;
				CLANG_WARN_RANGE_LOOP_ANALYSIS = YES;
				CLANG_WARN_STRICT_PROTOTYPES = YES;
				CLANG_WARN_SUSPICIOUS_MOVE = YES;
				CLANG_WARN_UNGUARDED_AVAILABILITY = YES_AGGRESSIVE;
				CLANG_WARN_UNREACHABLE_CODE = YES;
				CLANG_WARN__DUPLICATE_METHOD_MATCH = YES;
				CODE_SIGN_IDENTITY = "iPhone Developer";
				COPY_PHASE_STRIP = NO;
				DEBUG_INFORMATION_FORMAT = "dwarf-with-dsym";
				ENABLE_NS_ASSERTIONS = NO;
				ENABLE_STRICT_OBJC_MSGSEND = YES;
				GCC_C_LANGUAGE_STANDARD = gnu11;
				GCC_NO_COMMON_BLOCKS = YES;
				GCC_WARN_64_TO_32_BIT_CONVERSION = YES;
				GCC_WARN_ABOUT_RETURN_TYPE = YES_ERROR;
				GCC_WARN_UNDECLARED_SELECTOR = YES;
				GCC_WARN_UNINITIALIZED_AUTOS = YES_AGGRESSIVE;
				GCC_WARN_UNUSED_FUNCTION = YES;
				GCC_WARN_UNUSED_VARIABLE = YES;
				IPHONEOS_DEPLOYMENT_TARGET = 11.1;
				MTL_ENABLE_DEBUG_INFO = NO;
				SDKROOT = iphoneos;
				SWIFT_OPTIMIZATION_LEVEL = "-Owholemodule";
				VALIDATE_PRODUCT = YES;
			};
			name = Release;
		};
		053CD2CD1FB06368006939EC /* Debug */ = {
			isa = XCBuildConfiguration;
			baseConfigurationReference = 69BCCBFEC4F07F64B462D49C /* Pods-AutolayoutExampleWithSnapKit.debug.xcconfig */;
			buildSettings = {
				ASSETCATALOG_COMPILER_APPICON_NAME = AppIcon;
				CODE_SIGN_STYLE = Automatic;
				INFOPLIST_FILE = AutolayoutExampleWithSnapKit/Info.plist;
				IPHONEOS_DEPLOYMENT_TARGET = 10.0;
				LD_RUNPATH_SEARCH_PATHS = "$(inherited) @executable_path/Frameworks";
				PRODUCT_BUNDLE_IDENTIFIER = com.cn.xtcmoon.AutolayoutExampleWithSnapKit;
				PRODUCT_NAME = "$(TARGET_NAME)";
				SWIFT_VERSION = 4.0;
				TARGETED_DEVICE_FAMILY = "1,2";
			};
			name = Debug;
		};
		053CD2CE1FB06368006939EC /* Release */ = {
			isa = XCBuildConfiguration;
			baseConfigurationReference = F9C3443FEAE30224970A358E /* Pods-AutolayoutExampleWithSnapKit.release.xcconfig */;
			buildSettings = {
				ASSETCATALOG_COMPILER_APPICON_NAME = AppIcon;
				CODE_SIGN_STYLE = Automatic;
				INFOPLIST_FILE = AutolayoutExampleWithSnapKit/Info.plist;
				IPHONEOS_DEPLOYMENT_TARGET = 10.0;
				LD_RUNPATH_SEARCH_PATHS = "$(inherited) @executable_path/Frameworks";
				PRODUCT_BUNDLE_IDENTIFIER = com.cn.xtcmoon.AutolayoutExampleWithSnapKit;
				PRODUCT_NAME = "$(TARGET_NAME)";
				SWIFT_VERSION = 4.0;
				TARGETED_DEVICE_FAMILY = "1,2";
			};
			name = Release;
		};
/* End XCBuildConfiguration section */

/* Begin XCConfigurationList section */
		053CD2B51FB06368006939EC /* Build configuration list for PBXProject "AutolayoutExampleWithSnapKit" */ = {
			isa = XCConfigurationList;
			buildConfigurations = (
				053CD2CA1FB06368006939EC /* Debug */,
				053CD2CB1FB06368006939EC /* Release */,
			);
			defaultConfigurationIsVisible = 0;
			defaultConfigurationName = Release;
		};
		053CD2CC1FB06368006939EC /* Build configuration list for PBXNativeTarget "AutolayoutExampleWithSnapKit" */ = {
			isa = XCConfigurationList;
			buildConfigurations = (
				053CD2CD1FB06368006939EC /* Debug */,
				053CD2CE1FB06368006939EC /* Release */,
			);
			defaultConfigurationIsVisible = 0;
			defaultConfigurationName = Release;
		};
/* End XCConfigurationList section */
	};
	rootObject = 053CD2B21FB06368006939EC /* Project object */;
}
